// !$*UTF8*$!
{
	archiveVersion = 1;
	classes = {
	};
	objectVersion = 77;
	objects = {

/* Begin PBXBuildFile section */
		114584782D558720004ACFF9 /* ContentView.swift in Sources */ = {isa = PBXBuildFile; fileRef = 114584742D558720004ACFF9 /* ContentView.swift */; };
		114584792D558720004ACFF9 /* FetchTakeHomeProjectApp.swift in Sources */ = {isa = PBXBuildFile; fileRef = 114584752D558720004ACFF9 /* FetchTakeHomeProjectApp.swift */; };
		1145847A2D558720004ACFF9 /* Recipes.swift in Sources */ = {isa = PBXBuildFile; fileRef = 114584762D558720004ACFF9 /* Recipes.swift */; };
		1145847B2D558720004ACFF9 /* Preview Assets.xcassets in Resources */ = {isa = PBXBuildFile; fileRef = 1145846F2D558720004ACFF9 /* Preview Assets.xcassets */; };
		1145847C2D558720004ACFF9 /* Assets.xcassets in Resources */ = {isa = PBXBuildFile; fileRef = 114584732D558720004ACFF9 /* Assets.xcassets */; };
		1145847F2D55A29F004ACFF9 /* Api.swift in Sources */ = {isa = PBXBuildFile; fileRef = 1145847E2D55A29F004ACFF9 /* Api.swift */; };
		114584812D55AED8004ACFF9 /* RecipeListView.swift in Sources */ = {isa = PBXBuildFile; fileRef = 114584802D55AED8004ACFF9 /* RecipeListView.swift */; };
		114584832D55AF11004ACFF9 /* RecipeListVM.swift in Sources */ = {isa = PBXBuildFile; fileRef = 114584822D55AF11004ACFF9 /* RecipeListVM.swift */; };
		114584852D55AF95004ACFF9 /* RecipeView.swift in Sources */ = {isa = PBXBuildFile; fileRef = 114584842D55AF95004ACFF9 /* RecipeView.swift */; };
		1169E30C2D56C9A000FD3D8A /* RecipeListNavPath.swift in Sources */ = {isa = PBXBuildFile; fileRef = 1169E30B2D56C9A000FD3D8A /* RecipeListNavPath.swift */; };
		1169E30F2D56CBC000FD3D8A /* ImageModifier.swift in Sources */ = {isa = PBXBuildFile; fileRef = 1169E30E2D56CBC000FD3D8A /* ImageModifier.swift */; };
		1169E3112D56CE8200FD3D8A /* RecipeVideoView.swift in Sources */ = {isa = PBXBuildFile; fileRef = 1169E3102D56CE8200FD3D8A /* RecipeVideoView.swift */; };
		1169E3182D56E93B00FD3D8A /* ApiTests.swift in Sources */ = {isa = PBXBuildFile; fileRef = 1169E3162D56E93B00FD3D8A /* ApiTests.swift */; };
		1169E31C2D56E94200FD3D8A /* FetchTakeHomeProjectUITests.swift in Sources */ = {isa = PBXBuildFile; fileRef = 1169E3192D56E94200FD3D8A /* FetchTakeHomeProjectUITests.swift */; };
		1169E31F2D56F1FA00FD3D8A /* RecipeListVMTests.swift in Sources */ = {isa = PBXBuildFile; fileRef = 1169E31E2D56F1FA00FD3D8A /* RecipeListVMTests.swift */; };
		1169E3212D56FC5600FD3D8A /* MockApi.swift in Sources */ = {isa = PBXBuildFile; fileRef = 1169E3202D56FC5600FD3D8A /* MockApi.swift */; };
/* End PBXBuildFile section */

/* Begin PBXContainerItemProxy section */
		1145844E2D558578004ACFF9 /* PBXContainerItemProxy */ = {
			isa = PBXContainerItemProxy;
			containerPortal = 114584332D558576004ACFF9 /* Project object */;
			proxyType = 1;
			remoteGlobalIDString = 1145843A2D558576004ACFF9;
			remoteInfo = FetchTakeHomeProject;
		};
		114584582D558578004ACFF9 /* PBXContainerItemProxy */ = {
			isa = PBXContainerItemProxy;
			containerPortal = 114584332D558576004ACFF9 /* Project object */;
			proxyType = 1;
			remoteGlobalIDString = 1145843A2D558576004ACFF9;
			remoteInfo = FetchTakeHomeProject;
		};
/* End PBXContainerItemProxy section */

/* Begin PBXFileReference section */
		1145843B2D558576004ACFF9 /* FetchTakeHomeProject.app */ = {isa = PBXFileReference; explicitFileType = wrapper.application; includeInIndex = 0; path = FetchTakeHomeProject.app; sourceTree = BUILT_PRODUCTS_DIR; };
		1145844D2D558578004ACFF9 /* FetchTakeHomeProjectTests.xctest */ = {isa = PBXFileReference; explicitFileType = wrapper.cfbundle; includeInIndex = 0; path = FetchTakeHomeProjectTests.xctest; sourceTree = BUILT_PRODUCTS_DIR; };
		114584572D558578004ACFF9 /* FetchTakeHomeProjectUITests.xctest */ = {isa = PBXFileReference; explicitFileType = wrapper.cfbundle; includeInIndex = 0; path = FetchTakeHomeProjectUITests.xctest; sourceTree = BUILT_PRODUCTS_DIR; };
		1145846F2D558720004ACFF9 /* Preview Assets.xcassets */ = {isa = PBXFileReference; lastKnownFileType = folder.assetcatalog; path = "Preview Assets.xcassets"; sourceTree = "<group>"; };
		114584732D558720004ACFF9 /* Assets.xcassets */ = {isa = PBXFileReference; lastKnownFileType = folder.assetcatalog; path = Assets.xcassets; sourceTree = "<group>"; };
		114584742D558720004ACFF9 /* ContentView.swift */ = {isa = PBXFileReference; lastKnownFileType = sourcecode.swift; path = ContentView.swift; sourceTree = "<group>"; };
		114584752D558720004ACFF9 /* FetchTakeHomeProjectApp.swift */ = {isa = PBXFileReference; lastKnownFileType = sourcecode.swift; path = FetchTakeHomeProjectApp.swift; sourceTree = "<group>"; };
		114584762D558720004ACFF9 /* Recipes.swift */ = {isa = PBXFileReference; lastKnownFileType = sourcecode.swift; path = Recipes.swift; sourceTree = "<group>"; };
		1145847E2D55A29F004ACFF9 /* Api.swift */ = {isa = PBXFileReference; lastKnownFileType = sourcecode.swift; path = Api.swift; sourceTree = "<group>"; };
		114584802D55AED8004ACFF9 /* RecipeListView.swift */ = {isa = PBXFileReference; lastKnownFileType = sourcecode.swift; path = RecipeListView.swift; sourceTree = "<group>"; };
		114584822D55AF11004ACFF9 /* RecipeListVM.swift */ = {isa = PBXFileReference; lastKnownFileType = sourcecode.swift; path = RecipeListVM.swift; sourceTree = "<group>"; };
		114584842D55AF95004ACFF9 /* RecipeView.swift */ = {isa = PBXFileReference; lastKnownFileType = sourcecode.swift; path = RecipeView.swift; sourceTree = "<group>"; };
		114584872D55EC4E004ACFF9 /* SwiftData.framework */ = {isa = PBXFileReference; lastKnownFileType = wrapper.framework; name = SwiftData.framework; path = System/Library/Frameworks/SwiftData.framework; sourceTree = SDKROOT; };
		1169E30B2D56C9A000FD3D8A /* RecipeListNavPath.swift */ = {isa = PBXFileReference; lastKnownFileType = sourcecode.swift; path = RecipeListNavPath.swift; sourceTree = "<group>"; };
		1169E30E2D56CBC000FD3D8A /* ImageModifier.swift */ = {isa = PBXFileReference; lastKnownFileType = sourcecode.swift; path = ImageModifier.swift; sourceTree = "<group>"; };
		1169E3102D56CE8200FD3D8A /* RecipeVideoView.swift */ = {isa = PBXFileReference; lastKnownFileType = sourcecode.swift; path = RecipeVideoView.swift; sourceTree = "<group>"; };
		1169E3162D56E93B00FD3D8A /* ApiTests.swift */ = {isa = PBXFileReference; lastKnownFileType = sourcecode.swift; path = ApiTests.swift; sourceTree = "<group>"; };
		1169E3192D56E94200FD3D8A /* FetchTakeHomeProjectUITests.swift */ = {isa = PBXFileReference; lastKnownFileType = sourcecode.swift; path = FetchTakeHomeProjectUITests.swift; sourceTree = "<group>"; };
		1169E31E2D56F1FA00FD3D8A /* RecipeListVMTests.swift */ = {isa = PBXFileReference; lastKnownFileType = sourcecode.swift; path = RecipeListVMTests.swift; sourceTree = "<group>"; };
		1169E3202D56FC5600FD3D8A /* MockApi.swift */ = {isa = PBXFileReference; lastKnownFileType = sourcecode.swift; path = MockApi.swift; sourceTree = "<group>"; };
/* End PBXFileReference section */

/* Begin PBXFrameworksBuildPhase section */
		114584382D558576004ACFF9 /* Frameworks */ = {
			isa = PBXFrameworksBuildPhase;
			buildActionMask = 2147483647;
			files = (
			);
			runOnlyForDeploymentPostprocessing = 0;
		};
		1145844A2D558578004ACFF9 /* Frameworks */ = {
			isa = PBXFrameworksBuildPhase;
			buildActionMask = 2147483647;
			files = (
			);
			runOnlyForDeploymentPostprocessing = 0;
		};
		114584542D558578004ACFF9 /* Frameworks */ = {
			isa = PBXFrameworksBuildPhase;
			buildActionMask = 2147483647;
			files = (
			);
			runOnlyForDeploymentPostprocessing = 0;
		};
/* End PBXFrameworksBuildPhase section */

/* Begin PBXGroup section */
		114584322D558576004ACFF9 = {
			isa = PBXGroup;
			children = (
				114584772D558720004ACFF9 /* FetchTakeHomeProject */,
				1169E3172D56E93B00FD3D8A /* FetchTakeHomeProjectTests */,
				1169E31B2D56E94200FD3D8A /* FetchTakeHomeProjectUITests */,
				114584862D55EC4E004ACFF9 /* Frameworks */,
				1145843C2D558576004ACFF9 /* Products */,
			);
			sourceTree = "<group>";
		};
		1145843C2D558576004ACFF9 /* Products */ = {
			isa = PBXGroup;
			children = (
				1145843B2D558576004ACFF9 /* FetchTakeHomeProject.app */,
				1145844D2D558578004ACFF9 /* FetchTakeHomeProjectTests.xctest */,
				114584572D558578004ACFF9 /* FetchTakeHomeProjectUITests.xctest */,
			);
			name = Products;
			sourceTree = "<group>";
		};
		1145846E2D558720004ACFF9 /* Model */ = {
			isa = PBXGroup;
			children = (
				114584762D558720004ACFF9 /* Recipes.swift */,
			);
			path = Model;
			sourceTree = "<group>";
		};
		114584702D558720004ACFF9 /* Preview Content */ = {
			isa = PBXGroup;
			children = (
				1145846F2D558720004ACFF9 /* Preview Assets.xcassets */,
			);
			path = "Preview Content";
			sourceTree = "<group>";
		};
		114584712D558720004ACFF9 /* View */ = {
			isa = PBXGroup;
			children = (
				1169E30D2D56CB9E00FD3D8A /* Modifiers */,
				114584742D558720004ACFF9 /* ContentView.swift */,
				114584802D55AED8004ACFF9 /* RecipeListView.swift */,
				114584842D55AF95004ACFF9 /* RecipeView.swift */,
				1169E3102D56CE8200FD3D8A /* RecipeVideoView.swift */,
			);
			path = View;
			sourceTree = "<group>";
		};
		114584722D558720004ACFF9 /* ViewModel */ = {
			isa = PBXGroup;
			children = (
				114584822D55AF11004ACFF9 /* RecipeListVM.swift */,
			);
			path = ViewModel;
			sourceTree = "<group>";
		};
		114584772D558720004ACFF9 /* FetchTakeHomeProject */ = {
			isa = PBXGroup;
			children = (
				114584702D558720004ACFF9 /* Preview Content */,
				114584732D558720004ACFF9 /* Assets.xcassets */,
				1145847D2D558731004ACFF9 /* App */,
				1145846E2D558720004ACFF9 /* Model */,
				1169E30A2D56C98500FD3D8A /* NavPaths */,
				114584712D558720004ACFF9 /* View */,
				114584722D558720004ACFF9 /* ViewModel */,
			);
			path = FetchTakeHomeProject;
			sourceTree = "<group>";
		};
		1145847D2D558731004ACFF9 /* App */ = {
			isa = PBXGroup;
			children = (
				114584752D558720004ACFF9 /* FetchTakeHomeProjectApp.swift */,
				1145847E2D55A29F004ACFF9 /* Api.swift */,
				1169E3202D56FC5600FD3D8A /* MockApi.swift */,
			);
			path = App;
			sourceTree = "<group>";
		};
		114584862D55EC4E004ACFF9 /* Frameworks */ = {
			isa = PBXGroup;
			children = (
				114584872D55EC4E004ACFF9 /* SwiftData.framework */,
			);
			name = Frameworks;
			sourceTree = "<group>";
		};
		1169E30A2D56C98500FD3D8A /* NavPaths */ = {
			isa = PBXGroup;
			children = (
				1169E30B2D56C9A000FD3D8A /* RecipeListNavPath.swift */,
			);
			path = NavPaths;
			sourceTree = "<group>";
		};
		1169E30D2D56CB9E00FD3D8A /* Modifiers */ = {
			isa = PBXGroup;
			children = (
				1169E30E2D56CBC000FD3D8A /* ImageModifier.swift */,
			);
			path = Modifiers;
			sourceTree = "<group>";
		};
		1169E3172D56E93B00FD3D8A /* FetchTakeHomeProjectTests */ = {
			isa = PBXGroup;
			children = (
				1169E3162D56E93B00FD3D8A /* ApiTests.swift */,
				1169E31E2D56F1FA00FD3D8A /* RecipeListVMTests.swift */,
			);
			path = FetchTakeHomeProjectTests;
			sourceTree = "<group>";
		};
		1169E31B2D56E94200FD3D8A /* FetchTakeHomeProjectUITests */ = {
			isa = PBXGroup;
			children = (
				1169E3192D56E94200FD3D8A /* FetchTakeHomeProjectUITests.swift */,
			);
			path = FetchTakeHomeProjectUITests;
			sourceTree = "<group>";
		};
/* End PBXGroup section */

/* Begin PBXNativeTarget section */
		1145843A2D558576004ACFF9 /* FetchTakeHomeProject */ = {
			isa = PBXNativeTarget;
			buildConfigurationList = 114584612D558578004ACFF9 /* Build configuration list for PBXNativeTarget "FetchTakeHomeProject" */;
			buildPhases = (
				114584372D558576004ACFF9 /* Sources */,
				114584382D558576004ACFF9 /* Frameworks */,
				114584392D558576004ACFF9 /* Resources */,
			);
			buildRules = (
			);
			dependencies = (
			);
			name = FetchTakeHomeProject;
			packageProductDependencies = (
			);
			productName = FetchTakeHomeProject;
			productReference = 1145843B2D558576004ACFF9 /* FetchTakeHomeProject.app */;
			productType = "com.apple.product-type.application";
		};
		1145844C2D558578004ACFF9 /* FetchTakeHomeProjectTests */ = {
			isa = PBXNativeTarget;
			buildConfigurationList = 114584642D558578004ACFF9 /* Build configuration list for PBXNativeTarget "FetchTakeHomeProjectTests" */;
			buildPhases = (
				114584492D558578004ACFF9 /* Sources */,
				1145844A2D558578004ACFF9 /* Frameworks */,
				1145844B2D558578004ACFF9 /* Resources */,
			);
			buildRules = (
			);
			dependencies = (
				1145844F2D558578004ACFF9 /* PBXTargetDependency */,
			);
			name = FetchTakeHomeProjectTests;
			packageProductDependencies = (
			);
			productName = FetchTakeHomeProjectTests;
			productReference = 1145844D2D558578004ACFF9 /* FetchTakeHomeProjectTests.xctest */;
			productType = "com.apple.product-type.bundle.unit-test";
		};
		114584562D558578004ACFF9 /* FetchTakeHomeProjectUITests */ = {
			isa = PBXNativeTarget;
			buildConfigurationList = 114584672D558578004ACFF9 /* Build configuration list for PBXNativeTarget "FetchTakeHomeProjectUITests" */;
			buildPhases = (
				114584532D558578004ACFF9 /* Sources */,
				114584542D558578004ACFF9 /* Frameworks */,
				114584552D558578004ACFF9 /* Resources */,
			);
			buildRules = (
			);
			dependencies = (
				114584592D558578004ACFF9 /* PBXTargetDependency */,
			);
			name = FetchTakeHomeProjectUITests;
			packageProductDependencies = (
			);
			productName = FetchTakeHomeProjectUITests;
			productReference = 114584572D558578004ACFF9 /* FetchTakeHomeProjectUITests.xctest */;
			productType = "com.apple.product-type.bundle.ui-testing";
		};
/* End PBXNativeTarget section */

/* Begin PBXProject section */
		114584332D558576004ACFF9 /* Project object */ = {
			isa = PBXProject;
			attributes = {
				BuildIndependentTargetsInParallel = 1;
				LastSwiftUpdateCheck = 1600;
				LastUpgradeCheck = 1600;
				TargetAttributes = {
					1145843A2D558576004ACFF9 = {
						CreatedOnToolsVersion = 16.0;
					};
					1145844C2D558578004ACFF9 = {
						CreatedOnToolsVersion = 16.0;
						TestTargetID = 1145843A2D558576004ACFF9;
					};
					114584562D558578004ACFF9 = {
						CreatedOnToolsVersion = 16.0;
						TestTargetID = 1145843A2D558576004ACFF9;
					};
				};
			};
			buildConfigurationList = 114584362D558576004ACFF9 /* Build configuration list for PBXProject "FetchTakeHomeProject" */;
			developmentRegion = en;
			hasScannedForEncodings = 0;
			knownRegions = (
				en,
				Base,
			);
			mainGroup = 114584322D558576004ACFF9;
			minimizedProjectReferenceProxies = 1;
			preferredProjectObjectVersion = 77;
			productRefGroup = 1145843C2D558576004ACFF9 /* Products */;
			projectDirPath = "";
			projectRoot = "";
			targets = (
				1145843A2D558576004ACFF9 /* FetchTakeHomeProject */,
				1145844C2D558578004ACFF9 /* FetchTakeHomeProjectTests */,
				114584562D558578004ACFF9 /* FetchTakeHomeProjectUITests */,
			);
		};
/* End PBXProject section */

/* Begin PBXResourcesBuildPhase section */
		114584392D558576004ACFF9 /* Resources */ = {
			isa = PBXResourcesBuildPhase;
			buildActionMask = 2147483647;
			files = (
				1145847B2D558720004ACFF9 /* Preview Assets.xcassets in Resources */,
				1145847C2D558720004ACFF9 /* Assets.xcassets in Resources */,
			);
			runOnlyForDeploymentPostprocessing = 0;
		};
		1145844B2D558578004ACFF9 /* Resources */ = {
			isa = PBXResourcesBuildPhase;
			buildActionMask = 2147483647;
			files = (
			);
			runOnlyForDeploymentPostprocessing = 0;
		};
		114584552D558578004ACFF9 /* Resources */ = {
			isa = PBXResourcesBuildPhase;
			buildActionMask = 2147483647;
			files = (
			);
			runOnlyForDeploymentPostprocessing = 0;
		};
/* End PBXResourcesBuildPhase section */

/* Begin PBXSourcesBuildPhase section */
		114584372D558576004ACFF9 /* Sources */ = {
			isa = PBXSourcesBuildPhase;
			buildActionMask = 2147483647;
			files = (
				114584832D55AF11004ACFF9 /* RecipeListVM.swift in Sources */,
				114584782D558720004ACFF9 /* ContentView.swift in Sources */,
				114584792D558720004ACFF9 /* FetchTakeHomeProjectApp.swift in Sources */,
				114584852D55AF95004ACFF9 /* RecipeView.swift in Sources */,
				114584812D55AED8004ACFF9 /* RecipeListView.swift in Sources */,
				1169E30F2D56CBC000FD3D8A /* ImageModifier.swift in Sources */,
				1169E3112D56CE8200FD3D8A /* RecipeVideoView.swift in Sources */,
				1145847F2D55A29F004ACFF9 /* Api.swift in Sources */,
				1169E30C2D56C9A000FD3D8A /* RecipeListNavPath.swift in Sources */,
				1145847A2D558720004ACFF9 /* Recipes.swift in Sources */,
				1169E3212D56FC5600FD3D8A /* MockApi.swift in Sources */,
			);
			runOnlyForDeploymentPostprocessing = 0;
		};
		114584492D558578004ACFF9 /* Sources */ = {
			isa = PBXSourcesBuildPhase;
			buildActionMask = 2147483647;
			files = (
				1169E31F2D56F1FA00FD3D8A /* RecipeListVMTests.swift in Sources */,
				1169E3182D56E93B00FD3D8A /* ApiTests.swift in Sources */,
			);
			runOnlyForDeploymentPostprocessing = 0;
		};
		114584532D558578004ACFF9 /* Sources */ = {
			isa = PBXSourcesBuildPhase;
			buildActionMask = 2147483647;
			files = (
				1169E31C2D56E94200FD3D8A /* FetchTakeHomeProjectUITests.swift in Sources */,
			);
			runOnlyForDeploymentPostprocessing = 0;
		};
/* End PBXSourcesBuildPhase section */

/* Begin PBXTargetDependency section */
		1145844F2D558578004ACFF9 /* PBXTargetDependency */ = {
			isa = PBXTargetDependency;
			target = 1145843A2D558576004ACFF9 /* FetchTakeHomeProject */;
			targetProxy = 1145844E2D558578004ACFF9 /* PBXContainerItemProxy */;
		};
		114584592D558578004ACFF9 /* PBXTargetDependency */ = {
			isa = PBXTargetDependency;
			target = 1145843A2D558576004ACFF9 /* FetchTakeHomeProject */;
			targetProxy = 114584582D558578004ACFF9 /* PBXContainerItemProxy */;
		};
/* End PBXTargetDependency section */

/* Begin XCBuildConfiguration section */
		1145845F2D558578004ACFF9 /* Debug */ = {
			isa = XCBuildConfiguration;
			buildSettings = {
				ALWAYS_SEARCH_USER_PATHS = NO;
				ASSETCATALOG_COMPILER_GENERATE_SWIFT_ASSET_SYMBOL_EXTENSIONS = YES;
				CLANG_ANALYZER_NONNULL = YES;
				CLANG_ANALYZER_NUMBER_OBJECT_CONVERSION = YES_AGGRESSIVE;
				CLANG_CXX_LANGUAGE_STANDARD = "gnu++20";
				CLANG_ENABLE_MODULES = YES;
				CLANG_ENABLE_OBJC_ARC = YES;
				CLANG_ENABLE_OBJC_WEAK = YES;
				CLANG_WARN_BLOCK_CAPTURE_AUTORELEASING = YES;
				CLANG_WARN_BOOL_CONVERSION = YES;
				CLANG_WARN_COMMA = YES;
				CLANG_WARN_CONSTANT_CONVERSION = YES;
				CLANG_WARN_DEPRECATED_OBJC_IMPLEMENTATIONS = YES;
				CLANG_WARN_DIRECT_OBJC_ISA_USAGE = YES_ERROR;
				CLANG_WARN_DOCUMENTATION_COMMENTS = YES;
				CLANG_WARN_EMPTY_BODY = YES;
				CLANG_WARN_ENUM_CONVERSION = YES;
				CLANG_WARN_INFINITE_RECURSION = YES;
				CLANG_WARN_INT_CONVERSION = YES;
				CLANG_WARN_NON_LITERAL_NULL_CONVERSION = YES;
				CLANG_WARN_OBJC_IMPLICIT_RETAIN_SELF = YES;
				CLANG_WARN_OBJC_LITERAL_CONVERSION = YES;
				CLANG_WARN_OBJC_ROOT_CLASS = YES_ERROR;
				CLANG_WARN_QUOTED_INCLUDE_IN_FRAMEWORK_HEADER = YES;
				CLANG_WARN_RANGE_LOOP_ANALYSIS = YES;
				CLANG_WARN_STRICT_PROTOTYPES = YES;
				CLANG_WARN_SUSPICIOUS_MOVE = YES;
				CLANG_WARN_UNGUARDED_AVAILABILITY = YES_AGGRESSIVE;
				CLANG_WARN_UNREACHABLE_CODE = YES;
				CLANG_WARN__DUPLICATE_METHOD_MATCH = YES;
				COPY_PHASE_STRIP = NO;
				DEBUG_INFORMATION_FORMAT = dwarf;
				ENABLE_STRICT_OBJC_MSGSEND = YES;
				ENABLE_TESTABILITY = YES;
				ENABLE_USER_SCRIPT_SANDBOXING = YES;
				GCC_C_LANGUAGE_STANDARD = gnu17;
				GCC_DYNAMIC_NO_PIC = NO;
				GCC_NO_COMMON_BLOCKS = YES;
				GCC_OPTIMIZATION_LEVEL = 0;
				GCC_PREPROCESSOR_DEFINITIONS = (
					"DEBUG=1",
					"$(inherited)",
				);
				GCC_WARN_64_TO_32_BIT_CONVERSION = YES;
				GCC_WARN_ABOUT_RETURN_TYPE = YES_ERROR;
				GCC_WARN_UNDECLARED_SELECTOR = YES;
				GCC_WARN_UNINITIALIZED_AUTOS = YES_AGGRESSIVE;
				GCC_WARN_UNUSED_FUNCTION = YES;
				GCC_WARN_UNUSED_VARIABLE = YES;
				IPHONEOS_DEPLOYMENT_TARGET = 18.0;
				LOCALIZATION_PREFERS_STRING_CATALOGS = YES;
				MTL_ENABLE_DEBUG_INFO = INCLUDE_SOURCE;
				MTL_FAST_MATH = YES;
				ONLY_ACTIVE_ARCH = YES;
				SDKROOT = iphoneos;
				SWIFT_ACTIVE_COMPILATION_CONDITIONS = "DEBUG $(inherited)";
				SWIFT_OPTIMIZATION_LEVEL = "-Onone";
			};
			name = Debug;
		};
		114584602D558578004ACFF9 /* Release */ = {
			isa = XCBuildConfiguration;
			buildSettings = {
				ALWAYS_SEARCH_USER_PATHS = NO;
				ASSETCATALOG_COMPILER_GENERATE_SWIFT_ASSET_SYMBOL_EXTENSIONS = YES;
				CLANG_ANALYZER_NONNULL = YES;
				CLANG_ANALYZER_NUMBER_OBJECT_CONVERSION = YES_AGGRESSIVE;
				CLANG_CXX_LANGUAGE_STANDARD = "gnu++20";
				CLANG_ENABLE_MODULES = YES;
				CLANG_ENABLE_OBJC_ARC = YES;
				CLANG_ENABLE_OBJC_WEAK = YES;
				CLANG_WARN_BLOCK_CAPTURE_AUTORELEASING = YES;
				CLANG_WARN_BOOL_CONVERSION = YES;
				CLANG_WARN_COMMA = YES;
				CLANG_WARN_CONSTANT_CONVERSION = YES;
				CLANG_WARN_DEPRECATED_OBJC_IMPLEMENTATIONS = YES;
				CLANG_WARN_DIRECT_OBJC_ISA_USAGE = YES_ERROR;
				CLANG_WARN_DOCUMENTATION_COMMENTS = YES;
				CLANG_WARN_EMPTY_BODY = YES;
				CLANG_WARN_ENUM_CONVERSION = YES;
				CLANG_WARN_INFINITE_RECURSION = YES;
				CLANG_WARN_INT_CONVERSION = YES;
				CLANG_WARN_NON_LITERAL_NULL_CONVERSION = YES;
				CLANG_WARN_OBJC_IMPLICIT_RETAIN_SELF = YES;
				CLANG_WARN_OBJC_LITERAL_CONVERSION = YES;
				CLANG_WARN_OBJC_ROOT_CLASS = YES_ERROR;
				CLANG_WARN_QUOTED_INCLUDE_IN_FRAMEWORK_HEADER = YES;
				CLANG_WARN_RANGE_LOOP_ANALYSIS = YES;
				CLANG_WARN_STRICT_PROTOTYPES = YES;
				CLANG_WARN_SUSPICIOUS_MOVE = YES;
				CLANG_WARN_UNGUARDED_AVAILABILITY = YES_AGGRESSIVE;
				CLANG_WARN_UNREACHABLE_CODE = YES;
				CLANG_WARN__DUPLICATE_METHOD_MATCH = YES;
				COPY_PHASE_STRIP = NO;
				DEBUG_INFORMATION_FORMAT = "dwarf-with-dsym";
				ENABLE_NS_ASSERTIONS = NO;
				ENABLE_STRICT_OBJC_MSGSEND = YES;
				ENABLE_USER_SCRIPT_SANDBOXING = YES;
				GCC_C_LANGUAGE_STANDARD = gnu17;
				GCC_NO_COMMON_BLOCKS = YES;
				GCC_WARN_64_TO_32_BIT_CONVERSION = YES;
				GCC_WARN_ABOUT_RETURN_TYPE = YES_ERROR;
				GCC_WARN_UNDECLARED_SELECTOR = YES;
				GCC_WARN_UNINITIALIZED_AUTOS = YES_AGGRESSIVE;
				GCC_WARN_UNUSED_FUNCTION = YES;
				GCC_WARN_UNUSED_VARIABLE = YES;
				IPHONEOS_DEPLOYMENT_TARGET = 18.0;
				LOCALIZATION_PREFERS_STRING_CATALOGS = YES;
				MTL_ENABLE_DEBUG_INFO = NO;
				MTL_FAST_MATH = YES;
				SDKROOT = iphoneos;
				SWIFT_COMPILATION_MODE = wholemodule;
				VALIDATE_PRODUCT = YES;
			};
			name = Release;
		};
		114584622D558578004ACFF9 /* Debug */ = {
			isa = XCBuildConfiguration;
			buildSettings = {
				ASSETCATALOG_COMPILER_APPICON_NAME = AppIcon;
				ASSETCATALOG_COMPILER_GLOBAL_ACCENT_COLOR_NAME = AccentColor;
				CODE_SIGN_STYLE = Automatic;
				CURRENT_PROJECT_VERSION = 1;
				DEVELOPMENT_ASSET_PATHS = "\"FetchTakeHomeProject/Preview Content\"";
				DEVELOPMENT_TEAM = 676A84J3QT;
				ENABLE_PREVIEWS = YES;
				GENERATE_INFOPLIST_FILE = YES;
				INFOPLIST_KEY_UIApplicationSceneManifest_Generation = YES;
				INFOPLIST_KEY_UIApplicationSupportsIndirectInputEvents = YES;
				INFOPLIST_KEY_UILaunchScreen_Generation = YES;
				INFOPLIST_KEY_UISupportedInterfaceOrientations_iPad = "UIInterfaceOrientationPortrait UIInterfaceOrientationPortraitUpsideDown UIInterfaceOrientationLandscapeLeft UIInterfaceOrientationLandscapeRight";
				INFOPLIST_KEY_UISupportedInterfaceOrientations_iPhone = "UIInterfaceOrientationPortrait UIInterfaceOrientationLandscapeLeft UIInterfaceOrientationLandscapeRight";
				LD_RUNPATH_SEARCH_PATHS = (
					"$(inherited)",
					"@executable_path/Frameworks",
				);
				MARKETING_VERSION = 1.0;
				OTHER_SWIFT_FLAGS = "";
				PRODUCT_BUNDLE_IDENTIFIER = com.ryantkanno.FetchTakeHomeProject;
				PRODUCT_NAME = "$(TARGET_NAME)";
				SWIFT_EMIT_LOC_STRINGS = YES;
				SWIFT_VERSION = 5.0;
				TARGETED_DEVICE_FAMILY = "1,2";
			};
			name = Debug;
		};
		114584632D558578004ACFF9 /* Release */ = {
			isa = XCBuildConfiguration;
			buildSettings = {
				ASSETCATALOG_COMPILER_APPICON_NAME = AppIcon;
				ASSETCATALOG_COMPILER_GLOBAL_ACCENT_COLOR_NAME = AccentColor;
				CODE_SIGN_STYLE = Automatic;
				CURRENT_PROJECT_VERSION = 1;
				DEVELOPMENT_ASSET_PATHS = "\"FetchTakeHomeProject/Preview Content\"";
				DEVELOPMENT_TEAM = 676A84J3QT;
				ENABLE_PREVIEWS = YES;
				GENERATE_INFOPLIST_FILE = YES;
				INFOPLIST_KEY_UIApplicationSceneManifest_Generation = YES;
				INFOPLIST_KEY_UIApplicationSupportsIndirectInputEvents = YES;
				INFOPLIST_KEY_UILaunchScreen_Generation = YES;
				INFOPLIST_KEY_UISupportedInterfaceOrientations_iPad = "UIInterfaceOrientationPortrait UIInterfaceOrientationPortraitUpsideDown UIInterfaceOrientationLandscapeLeft UIInterfaceOrientationLandscapeRight";
				INFOPLIST_KEY_UISupportedInterfaceOrientations_iPhone = "UIInterfaceOrientationPortrait UIInterfaceOrientationLandscapeLeft UIInterfaceOrientationLandscapeRight";
				LD_RUNPATH_SEARCH_PATHS = (
					"$(inherited)",
					"@executable_path/Frameworks",
				);
				MARKETING_VERSION = 1.0;
				OTHER_SWIFT_FLAGS = "";
				PRODUCT_BUNDLE_IDENTIFIER = com.ryantkanno.FetchTakeHomeProject;
				PRODUCT_NAME = "$(TARGET_NAME)";
				SWIFT_EMIT_LOC_STRINGS = YES;
				SWIFT_VERSION = 5.0;
				TARGETED_DEVICE_FAMILY = "1,2";
			};
			name = Release;
		};
		114584652D558578004ACFF9 /* Debug */ = {
			isa = XCBuildConfiguration;
			buildSettings = {
				BUNDLE_LOADER = "$(TEST_HOST)";
				CODE_SIGN_STYLE = Automatic;
				CURRENT_PROJECT_VERSION = 1;
				DEVELOPMENT_TEAM = 676A84J3QT;
				GENERATE_INFOPLIST_FILE = YES;
				IPHONEOS_DEPLOYMENT_TARGET = 18.0;
				MARKETING_VERSION = 1.0;
				PRODUCT_BUNDLE_IDENTIFIER = com.ryantkanno.FetchTakeHomeProjectTests;
				PRODUCT_NAME = "$(TARGET_NAME)";
				SWIFT_EMIT_LOC_STRINGS = NO;
				SWIFT_VERSION = 5.0;
				TARGETED_DEVICE_FAMILY = "1,2";
				TEST_HOST = "$(BUILT_PRODUCTS_DIR)/FetchTakeHomeProject.app/$(BUNDLE_EXECUTABLE_FOLDER_PATH)/FetchTakeHomeProject";
			};
			name = Debug;
		};
		114584662D558578004ACFF9 /* Release */ = {
			isa = XCBuildConfiguration;
			buildSettings = {
				BUNDLE_LOADER = "$(TEST_HOST)";
				CODE_SIGN_STYLE = Automatic;
				CURRENT_PROJECT_VERSION = 1;
				DEVELOPMENT_TEAM = 676A84J3QT;
				GENERATE_INFOPLIST_FILE = YES;
				IPHONEOS_DEPLOYMENT_TARGET = 18.0;
				MARKETING_VERSION = 1.0;
				PRODUCT_BUNDLE_IDENTIFIER = com.ryantkanno.FetchTakeHomeProjectTests;
				PRODUCT_NAME = "$(TARGET_NAME)";
				SWIFT_EMIT_LOC_STRINGS = NO;
				SWIFT_VERSION = 5.0;
				TARGETED_DEVICE_FAMILY = "1,2";
				TEST_HOST = "$(BUILT_PRODUCTS_DIR)/FetchTakeHomeProject.app/$(BUNDLE_EXECUTABLE_FOLDER_PATH)/FetchTakeHomeProject";
			};
			name = Release;
		};
		114584682D558578004ACFF9 /* Debug */ = {
			isa = XCBuildConfiguration;
			buildSettings = {
				CODE_SIGN_STYLE = Automatic;
				CURRENT_PROJECT_VERSION = 1;
				DEVELOPMENT_TEAM = 676A84J3QT;
				GENERATE_INFOPLIST_FILE = YES;
				MARKETING_VERSION = 1.0;
				PRODUCT_BUNDLE_IDENTIFIER = com.ryantkanno.FetchTakeHomeProjectUITests;
				PRODUCT_NAME = "$(TARGET_NAME)";
				SWIFT_EMIT_LOC_STRINGS = NO;
				SWIFT_VERSION = 5.0;
				TARGETED_DEVICE_FAMILY = "1,2";
				TEST_TARGET_NAME = FetchTakeHomeProject;
			};
			name = Debug;
		};
		114584692D558578004ACFF9 /* Release */ = {
			isa = XCBuildConfiguration;
			buildSettings = {
				CODE_SIGN_STYLE = Automatic;
				CURRENT_PROJECT_VERSION = 1;
				DEVELOPMENT_TEAM = 676A84J3QT;
				GENERATE_INFOPLIST_FILE = YES;
				MARKETING_VERSION = 1.0;
				PRODUCT_BUNDLE_IDENTIFIER = com.ryantkanno.FetchTakeHomeProjectUITests;
				PRODUCT_NAME = "$(TARGET_NAME)";
				SWIFT_EMIT_LOC_STRINGS = NO;
				SWIFT_VERSION = 5.0;
				TARGETED_DEVICE_FAMILY = "1,2";
				TEST_TARGET_NAME = FetchTakeHomeProject;
			};
			name = Release;
		};
/* End XCBuildConfiguration section */

/* Begin XCConfigurationList section */
		114584362D558576004ACFF9 /* Build configuration list for PBXProject "FetchTakeHomeProject" */ = {
			isa = XCConfigurationList;
			buildConfigurations = (
				1145845F2D558578004ACFF9 /* Debug */,
				114584602D558578004ACFF9 /* Release */,
			);
			defaultConfigurationIsVisible = 0;
			defaultConfigurationName = Release;
		};
		114584612D558578004ACFF9 /* Build configuration list for PBXNativeTarget "FetchTakeHomeProject" */ = {
			isa = XCConfigurationList;
			buildConfigurations = (
				114584622D558578004ACFF9 /* Debug */,
				114584632D558578004ACFF9 /* Release */,
			);
			defaultConfigurationIsVisible = 0;
			defaultConfigurationName = Release;
		};
		114584642D558578004ACFF9 /* Build configuration list for PBXNativeTarget "FetchTakeHomeProjectTests" */ = {
			isa = XCConfigurationList;
			buildConfigurations = (
				114584652D558578004ACFF9 /* Debug */,
				114584662D558578004ACFF9 /* Release */,
			);
			defaultConfigurationIsVisible = 0;
			defaultConfigurationName = Release;
		};
		114584672D558578004ACFF9 /* Build configuration list for PBXNativeTarget "FetchTakeHomeProjectUITests" */ = {
			isa = XCConfigurationList;
			buildConfigurations = (
				114584682D558578004ACFF9 /* Debug */,
				114584692D558578004ACFF9 /* Release */,
			);
			defaultConfigurationIsVisible = 0;
			defaultConfigurationName = Release;
		};
/* End XCConfigurationList section */
	};
	rootObject = 114584332D558576004ACFF9 /* Project object */;
}
